
Microsoft Visual Studio Solution File, Format Version 12.00
# Visual Studio 2013
VisualStudioVersion = 12.0.40629.0
MinimumVisualStudioVersion = 10.0.40219.1
Project("{FAE04EC0-301F-11D3-BF4B-00C04F79EFBC}") = "MonitorSwitcher", "MonitorSwitcher\MonitorSwitcher.csproj", "{531C5395-5EEC-4629-A285-B40105AAF593}"
EndProject
Project("{FAE04EC0-301F-11D3-BF4B-00C04F79EFBC}") = "MonitorSwitcherApp", "MonitorSwitcherApp\MonitorSwitcherApp.csproj", "{209FA2E5-2CBF-4FB0-A0C6-07E6E6BF59C1}"
EndProject
Global
	GlobalSection(SolutionConfigurationPlatforms) = preSolution
		Debug|Any CPU = Debug|Any CPU
		Debug|Mixed Platforms = Debug|Mixed Platforms
		Debug|x86 = Debug|x86
		Release|Any CPU = Release|Any CPU
		Release|Mixed Platforms = Release|Mixed Platforms
		Release|x86 = Release|x86
	EndGlobalSection
	GlobalSection(ProjectConfigurationPlatforms) = postSolution
		{531C5395-5EEC-4629-A285-B40105AAF593}.Debug|Any CPU.ActiveCfg = Debug|x86
		{531C5395-5EEC-4629-A285-B40105AAF593}.Debug|Mixed Platforms.ActiveCfg = Debug|x86
		{531C5395-5EEC-4629-A285-B40105AAF593}.Debug|Mixed Platforms.Build.0 = Debug|x86
		{531C5395-5EEC-4629-A285-B40105AAF593}.Debug|x86.ActiveCfg = Debug|x86
		{531C5395-5EEC-4629-A285-B40105AAF593}.Debug|x86.Build.0 = Debug|x86
		{531C5395-5EEC-4629-A285-B40105AAF593}.Release|Any CPU.ActiveCfg = Release|x86
		{531C5395-5EEC-4629-A285-B40105AAF593}.Release|Mixed Platforms.ActiveCfg = Release|x86
		{531C5395-5EEC-4629-A285-B40105AAF593}.Release|Mixed Platforms.Build.0 = Release|x86
		{531C5395-5EEC-4629-A285-B40105AAF593}.Release|x86.ActiveCfg = Release|x86
		{531C5395-5EEC-4629-A285-B40105AAF593}.Release|x86.Build.0 = Release|x86
		{209FA2E5-2CBF-4FB0-A0C6-07E6E6BF59C1}.Debug|Any CPU.ActiveCfg = Debug|Any CPU
		{209FA2E5-2CBF-4FB0-A0C6-07E6E6BF59C1}.Debug|Any CPU.Build.0 = Debug|Any CPU
		{209FA2E5-2CBF-4FB0-A0C6-07E6E6BF59C1}.Debug|Mixed Platforms.ActiveCfg = Debug|Any CPU
		{209FA2E5-2CBF-4FB0-A0C6-07E6E6BF59C1}.Debug|Mixed Platforms.Build.0 = Debug|Any CPU
		{209FA2E5-2CBF-4FB0-A0C6-07E6E6BF59C1}.Debug|x86.ActiveCfg = Debug|Any CPU
		{209FA2E5-2CBF-4FB0-A0C6-07E6E6BF59C1}.Release|Any CPU.ActiveCfg = Release|Any CPU
		{209FA2E5-2CBF-4FB0-A0C6-07E6E6BF59C1}.Release|Any CPU.Build.0 = Release|Any CPU
		{209FA2E5-2CBF-4FB0-A0C6-07E6E6BF59C1}.Release|Mixed Platforms.ActiveCfg = Release|Any CPU
		{209FA2E5-2CBF-4FB0-A0C6-07E6E6BF59C1}.Release|Mixed Platforms.Build.0 = Release|Any CPU
		{209FA2E5-2CBF-4FB0-A0C6-07E6E6BF59C1}.Release|x86.ActiveCfg = Release|Any CPU
	EndGlobalSection
	GlobalSection(SolutionProperties) = preSolution
		HideSolutionNode = FALSE
	EndGlobalSection
EndGlobal
